
Microsoft Visual Studio Solution File, Format Version 12.00
# Visual Studio Version 17
VisualStudioVersion = 17.3.32811.315
MinimumVisualStudioVersion = 10.0.40219.1
Project("{9A19103F-16F7-4668-BE54-9A1E7A4F7556}") = "Random_Number_Guesser_OOP", "Random_Number_Guesser_OOP\Random_Number_Guesser_OOP.csproj", "{B5D6FC3F-477C-407B-A3FF-A12AA2C61A6B}"
EndProject
Project("{FAE04EC0-301F-11D3-BF4B-00C04F79EFBC}") = "RNG_OOP_Test", "RNG_OOP_Test\RNG_OOP_Test.csproj", "{B5B223A6-7B9B-4B17-8877-062DC058EE1D}"
EndProject
Global
	GlobalSection(SolutionConfigurationPlatforms) = preSolution
		Debug|Any CPU = Debug|Any CPU
		Release|Any CPU = Release|Any CPU
	EndGlobalSection
	GlobalSection(ProjectConfigurationPlatforms) = postSolution
		{B5D6FC3F-477C-407B-A3FF-A12AA2C61A6B}.Debug|Any CPU.ActiveCfg = Debug|Any CPU
		{B5D6FC3F-477C-407B-A3FF-A12AA2C61A6B}.Debug|Any CPU.Build.0 = Debug|Any CPU
		{B5D6FC3F-477C-407B-A3FF-A12AA2C61A6B}.Release|Any CPU.ActiveCfg = Release|Any CPU
		{B5D6FC3F-477C-407B-A3FF-A12AA2C61A6B}.Release|Any CPU.Build.0 = Release|Any CPU
		{B5B223A6-7B9B-4B17-8877-062DC058EE1D}.Debug|Any CPU.ActiveCfg = Debug|Any CPU
		{B5B223A6-7B9B-4B17-8877-062DC058EE1D}.Debug|Any CPU.Build.0 = Debug|Any CPU
		{B5B223A6-7B9B-4B17-8877-062DC058EE1D}.Release|Any CPU.ActiveCfg = Release|Any CPU
		{B5B223A6-7B9B-4B17-8877-062DC058EE1D}.Release|Any CPU.Build.0 = Release|Any CPU
	EndGlobalSection
	GlobalSection(SolutionProperties) = preSolution
		HideSolutionNode = FALSE
	EndGlobalSection
	GlobalSection(ExtensibilityGlobals) = postSolution
		SolutionGuid = {21D2383B-CF7F-4AC2-8720-067B9B7469EC}
	EndGlobalSection
EndGlobal
